
Microsoft Visual Studio Solution File, Format Version 12.00
# Visual Studio 14
VisualStudioVersion = 14.0.24720.0
MinimumVisualStudioVersion = 10.0.40219.1
Project("{FAE04EC0-301F-11D3-BF4B-00C04F79EFBC}") = "RunningCounter", "RunningCounter\RunningCounter.csproj", "{786E882E-AD2A-42E7-BCA0-EFDAEFCD3D5F}"
EndProject
Project("{FAE04EC0-301F-11D3-BF4B-00C04F79EFBC}") = "RunningCounter.Tests", "RunningCounter.Tests\RunningCounter.Tests.csproj", "{0C8C6EB7-8BC4-4048-9DE1-01F7A5A13EA2}"
EndProject
Global
	GlobalSection(SolutionConfigurationPlatforms) = preSolution
		Debug|Any CPU = Debug|Any CPU
		Release|Any CPU = Release|Any CPU
	EndGlobalSection
	GlobalSection(ProjectConfigurationPlatforms) = postSolution
		{786E882E-AD2A-42E7-BCA0-EFDAEFCD3D5F}.Debug|Any CPU.ActiveCfg = Debug|Any CPU
		{786E882E-AD2A-42E7-BCA0-EFDAEFCD3D5F}.Debug|Any CPU.Build.0 = Debug|Any CPU
		{786E882E-AD2A-42E7-BCA0-EFDAEFCD3D5F}.Release|Any CPU.ActiveCfg = Release|Any CPU
		{786E882E-AD2A-42E7-BCA0-EFDAEFCD3D5F}.Release|Any CPU.Build.0 = Release|Any CPU
		{0C8C6EB7-8BC4-4048-9DE1-01F7A5A13EA2}.Debug|Any CPU.ActiveCfg = Debug|Any CPU
		{0C8C6EB7-8BC4-4048-9DE1-01F7A5A13EA2}.Debug|Any CPU.Build.0 = Debug|Any CPU
		{0C8C6EB7-8BC4-4048-9DE1-01F7A5A13EA2}.Release|Any CPU.ActiveCfg = Release|Any CPU
		{0C8C6EB7-8BC4-4048-9DE1-01F7A5A13EA2}.Release|Any CPU.Build.0 = Release|Any CPU
	EndGlobalSection
	GlobalSection(SolutionProperties) = preSolution
		HideSolutionNode = FALSE
	EndGlobalSection
EndGlobal
